{
  "version": 4,
  "terraform_version": "1.8.0",
  "serial": 8,
  "lineage": "5f893cd8-8b12-83ac-730e-2f380e6a42f3",
  "outputs": {
    "IGW_id": {
      "value": "igw-0bb25b865186c32a7",
      "type": "string"
    },
    "routetable_id": {
      "value": "rtb-0eb34f23a61d9420f",
      "type": "string"
    },
    "subnet_id": {
      "value": "subnet-0261b6015767add00",
      "type": "string"
    },
    "vpc_id": {
      "value": "vpc-03b1fcc1f229b107d",
      "type": "string"
    }
  },
  "resources": [
    {
      "mode": "managed",
      "type": "aws_internet_gateway",
      "name": "igw_tic_tac_toe",
      "provider": "provider[\"registry.terraform.io/hashicorp/aws\"]",
      "instances": [
        {
          "schema_version": 0,
          "attributes": {
            "arn": "arn:aws:ec2:us-east-1:829105229774:internet-gateway/igw-0bb25b865186c32a7",
            "id": "igw-0bb25b865186c32a7",
            "owner_id": "829105229774",
            "tags": {
              "Name": "igw_ttt"
            },
            "tags_all": {
              "Name": "igw_ttt"
            },
            "timeouts": null,
            "vpc_id": "vpc-03b1fcc1f229b107d"
          },
          "sensitive_attributes": [],
          "private": "eyJlMmJmYjczMC1lY2FhLTExZTYtOGY4OC0zNDM2M2JjN2M0YzAiOnsiY3JlYXRlIjoxMjAwMDAwMDAwMDAwLCJkZWxldGUiOjEyMDAwMDAwMDAwMDAsInVwZGF0ZSI6MTIwMDAwMDAwMDAwMH19",
          "dependencies": [
            "aws_vpc.vpc_tic_tac_toe"
          ]
        }
      ]
    },
    {
      "mode": "managed",
      "type": "aws_key_pair",
      "name": "deployer",
      "provider": "provider[\"registry.terraform.io/hashicorp/aws\"]",
      "instances": [
        {
          "schema_version": 1,
          "attributes": {
            "arn": "arn:aws:ec2:us-east-1:829105229774:key-pair/terraform",
            "fingerprint": "4f:39:13:74:e4:74:a3:d1:e1:6f:e2:81:79:6d:4f:c7",
            "id": "terraform",
            "key_name": "terraform",
            "key_name_prefix": "",
            "key_pair_id": "key-0b52065f467b94c8c",
            "key_type": "rsa",
            "public_key": "ssh-rsa AAAAB3NzaC1yc2EAAAADAQABAAABAQC2KN24JmVQuow8ulaG8jbd0upxsifaneWQ38pYa8DcR2pHN2GI+x/UccfEPh94uYEoDukf/b4I96MnGgFyEtPjnNfkEEp/dnk6xtpcU0c+XicnhfD02v9N8kNlc8btpFK9QLOxBEdjn3QfgRiYiXsmQMrZJXbB4XFOrrsfllErLEJJPnXc8dwk19DHhimOoR+v0ohwkyIOggZpebW0dKpPRI7X7IxdSvJy0D8kvhl6Ms5WyCMVGK7IZ5dM19oCeW4Au7En1JDSUCsnBE37MdkBTi0HGtJXxib2BxTC2VDsK7qaTS4gsHSku1p5g7Ala4ws0Rw2qPQ5FamY662V+zJ7 izabe@LAPTOP-8ALRHRVT",
            "tags": null,
            "tags_all": {}
          },
          "sensitive_attributes": [],
          "private": "eyJzY2hlbWFfdmVyc2lvbiI6IjEifQ=="
        }
      ]
    },
    {
      "mode": "managed",
      "type": "aws_route_table",
      "name": "rt_tic_tac_toe",
      "provider": "provider[\"registry.terraform.io/hashicorp/aws\"]",
      "instances": [
        {
          "schema_version": 0,
          "attributes": {
            "arn": "arn:aws:ec2:us-east-1:829105229774:route-table/rtb-0eb34f23a61d9420f",
            "id": "rtb-0eb34f23a61d9420f",
            "owner_id": "829105229774",
            "propagating_vgws": [],
            "route": [
              {
                "carrier_gateway_id": "",
                "cidr_block": "0.0.0.0/0",
                "core_network_arn": "",
                "destination_prefix_list_id": "",
                "egress_only_gateway_id": "",
                "gateway_id": "igw-0bb25b865186c32a7",
                "instance_id": "",
                "ipv6_cidr_block": "",
                "local_gateway_id": "",
                "nat_gateway_id": "",
                "network_interface_id": "",
                "transit_gateway_id": "",
                "vpc_endpoint_id": "",
                "vpc_peering_connection_id": ""
              }
            ],
            "tags": {
              "Name": "rt_ttt"
            },
            "tags_all": {
              "Name": "rt_ttt"
            },
            "timeouts": null,
            "vpc_id": "vpc-03b1fcc1f229b107d"
          },
          "sensitive_attributes": [],
          "private": "eyJlMmJmYjczMC1lY2FhLTExZTYtOGY4OC0zNDM2M2JjN2M0YzAiOnsiY3JlYXRlIjozMDAwMDAwMDAwMDAsImRlbGV0ZSI6MzAwMDAwMDAwMDAwLCJ1cGRhdGUiOjEyMDAwMDAwMDAwMH19",
          "dependencies": [
            "aws_internet_gateway.igw_tic_tac_toe",
            "aws_vpc.vpc_tic_tac_toe"
          ]
        }
      ]
    },
    {
      "mode": "managed",
      "type": "aws_route_table_association",
      "name": "rta_tic_tac_toe",
      "provider": "provider[\"registry.terraform.io/hashicorp/aws\"]",
      "instances": [
        {
          "schema_version": 0,
          "attributes": {
            "gateway_id": "",
            "id": "rtbassoc-0ff0382109a82587d",
            "route_table_id": "rtb-0eb34f23a61d9420f",
            "subnet_id": "subnet-0261b6015767add00",
            "timeouts": null
          },
          "sensitive_attributes": [],
          "private": "eyJlMmJmYjczMC1lY2FhLTExZTYtOGY4OC0zNDM2M2JjN2M0YzAiOnsiY3JlYXRlIjozMDAwMDAwMDAwMDAsImRlbGV0ZSI6MzAwMDAwMDAwMDAwLCJ1cGRhdGUiOjEyMDAwMDAwMDAwMH19",
          "dependencies": [
            "aws_internet_gateway.igw_tic_tac_toe",
            "aws_route_table.rt_tic_tac_toe",
            "aws_subnet.subnet_tic_tac_toe",
            "aws_vpc.vpc_tic_tac_toe"
          ]
        }
      ]
    },
    {
      "mode": "managed",
      "type": "aws_subnet",
      "name": "subnet_tic_tac_toe",
      "provider": "provider[\"registry.terraform.io/hashicorp/aws\"]",
      "instances": [
        {
          "schema_version": 1,
          "attributes": {
            "arn": "arn:aws:ec2:us-east-1:829105229774:subnet/subnet-0261b6015767add00",
            "assign_ipv6_address_on_creation": false,
            "availability_zone": "us-east-1e",
            "availability_zone_id": "use1-az3",
            "cidr_block": "10.0.1.0/24",
            "customer_owned_ipv4_pool": "",
            "enable_dns64": false,
            "enable_lni_at_device_index": 0,
            "enable_resource_name_dns_a_record_on_launch": false,
            "enable_resource_name_dns_aaaa_record_on_launch": false,
            "id": "subnet-0261b6015767add00",
            "ipv6_cidr_block": "",
            "ipv6_cidr_block_association_id": "",
            "ipv6_native": false,
            "map_customer_owned_ip_on_launch": false,
            "map_public_ip_on_launch": false,
            "outpost_arn": "",
            "owner_id": "829105229774",
            "private_dns_hostname_type_on_launch": "ip-name",
            "tags": {
              "Name": "subnet_ttt"
            },
            "tags_all": {
              "Name": "subnet_ttt"
            },
            "timeouts": null,
            "vpc_id": "vpc-03b1fcc1f229b107d"
          },
          "sensitive_attributes": [],
          "private": "eyJlMmJmYjczMC1lY2FhLTExZTYtOGY4OC0zNDM2M2JjN2M0YzAiOnsiY3JlYXRlIjo2MDAwMDAwMDAwMDAsImRlbGV0ZSI6MTIwMDAwMDAwMDAwMH0sInNjaGVtYV92ZXJzaW9uIjoiMSJ9",
          "dependencies": [
            "aws_vpc.vpc_tic_tac_toe"
          ]
        }
      ]
    },
    {
      "mode": "managed",
      "type": "aws_vpc",
      "name": "vpc_tic_tac_toe",
      "provider": "provider[\"registry.terraform.io/hashicorp/aws\"]",
      "instances": [
        {
          "schema_version": 1,
          "attributes": {
            "arn": "arn:aws:ec2:us-east-1:829105229774:vpc/vpc-03b1fcc1f229b107d",
            "assign_generated_ipv6_cidr_block": false,
            "cidr_block": "10.0.0.0/16",
            "default_network_acl_id": "acl-0edfb553f46110dc5",
            "default_route_table_id": "rtb-0977c285d9305f2f0",
            "default_security_group_id": "sg-0d7ba6eead5c7aa87",
            "dhcp_options_id": "dopt-0d219aebc844a48e4",
            "enable_classiclink": false,
            "enable_classiclink_dns_support": false,
            "enable_dns_hostnames": true,
            "enable_dns_support": true,
            "enable_network_address_usage_metrics": false,
            "id": "vpc-03b1fcc1f229b107d",
            "instance_tenancy": "default",
            "ipv4_ipam_pool_id": null,
            "ipv4_netmask_length": null,
            "ipv6_association_id": "",
            "ipv6_cidr_block": "",
            "ipv6_cidr_block_network_border_group": "",
            "ipv6_ipam_pool_id": "",
            "ipv6_netmask_length": 0,
            "main_route_table_id": "rtb-0977c285d9305f2f0",
            "owner_id": "829105229774",
            "tags": {
              "Name": "vpc_ttt"
            },
            "tags_all": {
              "Name": "vpc_ttt"
            }
          },
          "sensitive_attributes": [],
          "private": "eyJzY2hlbWFfdmVyc2lvbiI6IjEifQ=="
        }
      ]
    }
  ],
  "check_results": null
}
